
Microsoft Visual Studio Solution File, Format Version 12.00
# Visual Studio Version 17
VisualStudioVersion = 17.0.31903.59
MinimumVisualStudioVersion = 10.0.40219.1
Project("{2150E333-8FDC-42A3-9474-1A3956D46DE8}") = "src", "src", "{827E0CD3-B72D-47B6-A68D-7590B98EB39B}"
EndProject
Project("{FAE04EC0-301F-11D3-BF4B-00C04F79EFBC}") = "NurMarketKassa.Core", "src\NurMarketKassa.Core\NurMarketKassa.Core.csproj", "{8D61107F-718E-4A42-95F3-26A7C4D0FE7F}"
EndProject
Project("{FAE04EC0-301F-11D3-BF4B-00C04F79EFBC}") = "NurMarketKassa.Infrastructure", "src\NurMarketKassa.Infrastructure\NurMarketKassa.Infrastructure.csproj", "{82A1707E-1FBD-4AE3-BC65-5C4E60CCE692}"
EndProject
Project("{FAE04EC0-301F-11D3-BF4B-00C04F79EFBC}") = "NurMarketKassa.Ui.Shared", "src\NurMarketKassa.Ui.Shared\NurMarketKassa.Ui.Shared.csproj", "{0F812249-9CC7-4D63-A4AF-54692712B65D}"
EndProject
Project("{FAE04EC0-301F-11D3-BF4B-00C04F79EFBC}") = "NurMarketKassa.ViewModels", "src\NurMarketKassa.ViewModels\NurMarketKassa.ViewModels.csproj", "{14DAB8A4-5E43-43EE-A4E9-2A2DA45E002F}"
EndProject
Project("{FAE04EC0-301F-11D3-BF4B-00C04F79EFBC}") = "NurMarketKassa", "src\NurMarketKassa\NurMarketKassa.csproj", "{680C59E8-D1F4-4A55-92AA-60CC67D3626A}"
EndProject
Project("{FAE04EC0-301F-11D3-BF4B-00C04F79EFBC}") = "NurMarketKassa.Avalonia", "src\NurMarketKassa.Avalonia\NurMarketKassa.Avalonia.csproj", "{BF649260-FC64-4200-830F-21876610F88D}"
EndProject
Global
	GlobalSection(SolutionConfigurationPlatforms) = preSolution
		Debug|Any CPU = Debug|Any CPU
		Debug|x64 = Debug|x64
		Debug|x86 = Debug|x86
		Release|Any CPU = Release|Any CPU
		Release|x64 = Release|x64
		Release|x86 = Release|x86
	EndGlobalSection
	GlobalSection(ProjectConfigurationPlatforms) = postSolution
		{8D61107F-718E-4A42-95F3-26A7C4D0FE7F}.Debug|Any CPU.ActiveCfg = Debug|Any CPU
		{8D61107F-718E-4A42-95F3-26A7C4D0FE7F}.Debug|Any CPU.Build.0 = Debug|Any CPU
		{8D61107F-718E-4A42-95F3-26A7C4D0FE7F}.Debug|x64.ActiveCfg = Debug|Any CPU
		{8D61107F-718E-4A42-95F3-26A7C4D0FE7F}.Debug|x64.Build.0 = Debug|Any CPU
		{8D61107F-718E-4A42-95F3-26A7C4D0FE7F}.Debug|x86.ActiveCfg = Debug|Any CPU
		{8D61107F-718E-4A42-95F3-26A7C4D0FE7F}.Debug|x86.Build.0 = Debug|Any CPU
		{8D61107F-718E-4A42-95F3-26A7C4D0FE7F}.Release|Any CPU.ActiveCfg = Release|Any CPU
		{8D61107F-718E-4A42-95F3-26A7C4D0FE7F}.Release|Any CPU.Build.0 = Release|Any CPU
		{8D61107F-718E-4A42-95F3-26A7C4D0FE7F}.Release|x64.ActiveCfg = Release|Any CPU
		{8D61107F-718E-4A42-95F3-26A7C4D0FE7F}.Release|x64.Build.0 = Release|Any CPU
		{8D61107F-718E-4A42-95F3-26A7C4D0FE7F}.Release|x86.ActiveCfg = Release|Any CPU
		{8D61107F-718E-4A42-95F3-26A7C4D0FE7F}.Release|x86.Build.0 = Release|Any CPU
		{82A1707E-1FBD-4AE3-BC65-5C4E60CCE692}.Debug|Any CPU.ActiveCfg = Debug|Any CPU
		{82A1707E-1FBD-4AE3-BC65-5C4E60CCE692}.Debug|Any CPU.Build.0 = Debug|Any CPU
		{82A1707E-1FBD-4AE3-BC65-5C4E60CCE692}.Debug|x64.ActiveCfg = Debug|Any CPU
		{82A1707E-1FBD-4AE3-BC65-5C4E60CCE692}.Debug|x64.Build.0 = Debug|Any CPU
		{82A1707E-1FBD-4AE3-BC65-5C4E60CCE692}.Debug|x86.ActiveCfg = Debug|Any CPU
		{82A1707E-1FBD-4AE3-BC65-5C4E60CCE692}.Debug|x86.Build.0 = Debug|Any CPU
		{82A1707E-1FBD-4AE3-BC65-5C4E60CCE692}.Release|Any CPU.ActiveCfg = Release|Any CPU
		{82A1707E-1FBD-4AE3-BC65-5C4E60CCE692}.Release|Any CPU.Build.0 = Release|Any CPU
		{82A1707E-1FBD-4AE3-BC65-5C4E60CCE692}.Release|x64.ActiveCfg = Release|Any CPU
		{82A1707E-1FBD-4AE3-BC65-5C4E60CCE692}.Release|x64.Build.0 = Release|Any CPU
		{82A1707E-1FBD-4AE3-BC65-5C4E60CCE692}.Release|x86.ActiveCfg = Release|Any CPU
		{82A1707E-1FBD-4AE3-BC65-5C4E60CCE692}.Release|x86.Build.0 = Release|Any CPU
		{0F812249-9CC7-4D63-A4AF-54692712B65D}.Debug|Any CPU.ActiveCfg = Debug|Any CPU
		{0F812249-9CC7-4D63-A4AF-54692712B65D}.Debug|Any CPU.Build.0 = Debug|Any CPU
		{0F812249-9CC7-4D63-A4AF-54692712B65D}.Debug|x64.ActiveCfg = Debug|Any CPU
		{0F812249-9CC7-4D63-A4AF-54692712B65D}.Debug|x64.Build.0 = Debug|Any CPU
		{0F812249-9CC7-4D63-A4AF-54692712B65D}.Debug|x86.ActiveCfg = Debug|Any CPU
		{0F812249-9CC7-4D63-A4AF-54692712B65D}.Debug|x86.Build.0 = Debug|Any CPU
		{0F812249-9CC7-4D63-A4AF-54692712B65D}.Release|Any CPU.ActiveCfg = Release|Any CPU
		{0F812249-9CC7-4D63-A4AF-54692712B65D}.Release|Any CPU.Build.0 = Release|Any CPU
		{0F812249-9CC7-4D63-A4AF-54692712B65D}.Release|x64.ActiveCfg = Release|Any CPU
		{0F812249-9CC7-4D63-A4AF-54692712B65D}.Release|x64.Build.0 = Release|Any CPU
		{0F812249-9CC7-4D63-A4AF-54692712B65D}.Release|x86.ActiveCfg = Release|Any CPU
		{0F812249-9CC7-4D63-A4AF-54692712B65D}.Release|x86.Build.0 = Release|Any CPU
		{14DAB8A4-5E43-43EE-A4E9-2A2DA45E002F}.Debug|Any CPU.ActiveCfg = Debug|Any CPU
		{14DAB8A4-5E43-43EE-A4E9-2A2DA45E002F}.Debug|Any CPU.Build.0 = Debug|Any CPU
		{14DAB8A4-5E43-43EE-A4E9-2A2DA45E002F}.Debug|x64.ActiveCfg = Debug|Any CPU
		{14DAB8A4-5E43-43EE-A4E9-2A2DA45E002F}.Debug|x64.Build.0 = Debug|Any CPU
		{14DAB8A4-5E43-43EE-A4E9-2A2DA45E002F}.Debug|x86.ActiveCfg = Debug|Any CPU
		{14DAB8A4-5E43-43EE-A4E9-2A2DA45E002F}.Debug|x86.Build.0 = Debug|Any CPU
		{14DAB8A4-5E43-43EE-A4E9-2A2DA45E002F}.Release|Any CPU.ActiveCfg = Release|Any CPU
		{14DAB8A4-5E43-43EE-A4E9-2A2DA45E002F}.Release|Any CPU.Build.0 = Release|Any CPU
		{14DAB8A4-5E43-43EE-A4E9-2A2DA45E002F}.Release|x64.ActiveCfg = Release|Any CPU
		{14DAB8A4-5E43-43EE-A4E9-2A2DA45E002F}.Release|x64.Build.0 = Release|Any CPU
		{14DAB8A4-5E43-43EE-A4E9-2A2DA45E002F}.Release|x86.ActiveCfg = Release|Any CPU
		{14DAB8A4-5E43-43EE-A4E9-2A2DA45E002F}.Release|x86.Build.0 = Release|Any CPU
		{680C59E8-D1F4-4A55-92AA-60CC67D3626A}.Debug|Any CPU.ActiveCfg = Debug|Any CPU
		{680C59E8-D1F4-4A55-92AA-60CC67D3626A}.Debug|Any CPU.Build.0 = Debug|Any CPU
		{680C59E8-D1F4-4A55-92AA-60CC67D3626A}.Debug|x64.ActiveCfg = Debug|Any CPU
		{680C59E8-D1F4-4A55-92AA-60CC67D3626A}.Debug|x64.Build.0 = Debug|Any CPU
		{680C59E8-D1F4-4A55-92AA-60CC67D3626A}.Debug|x86.ActiveCfg = Debug|Any CPU
		{680C59E8-D1F4-4A55-92AA-60CC67D3626A}.Debug|x86.Build.0 = Debug|Any CPU
		{680C59E8-D1F4-4A55-92AA-60CC67D3626A}.Release|Any CPU.ActiveCfg = Release|Any CPU
		{680C59E8-D1F4-4A55-92AA-60CC67D3626A}.Release|Any CPU.Build.0 = Release|Any CPU
		{680C59E8-D1F4-4A55-92AA-60CC67D3626A}.Release|x64.ActiveCfg = Release|Any CPU
		{680C59E8-D1F4-4A55-92AA-60CC67D3626A}.Release|x64.Build.0 = Release|Any CPU
		{680C59E8-D1F4-4A55-92AA-60CC67D3626A}.Release|x86.ActiveCfg = Release|Any CPU
		{680C59E8-D1F4-4A55-92AA-60CC67D3626A}.Release|x86.Build.0 = Release|Any CPU
		{BF649260-FC64-4200-830F-21876610F88D}.Debug|Any CPU.ActiveCfg = Debug|Any CPU
		{BF649260-FC64-4200-830F-21876610F88D}.Debug|Any CPU.Build.0 = Debug|Any CPU
		{BF649260-FC64-4200-830F-21876610F88D}.Debug|x64.ActiveCfg = Debug|Any CPU
		{BF649260-FC64-4200-830F-21876610F88D}.Debug|x64.Build.0 = Debug|Any CPU
		{BF649260-FC64-4200-830F-21876610F88D}.Debug|x86.ActiveCfg = Debug|Any CPU
		{BF649260-FC64-4200-830F-21876610F88D}.Debug|x86.Build.0 = Debug|Any CPU
		{BF649260-FC64-4200-830F-21876610F88D}.Release|Any CPU.ActiveCfg = Release|Any CPU
		{BF649260-FC64-4200-830F-21876610F88D}.Release|Any CPU.Build.0 = Release|Any CPU
		{BF649260-FC64-4200-830F-21876610F88D}.Release|x64.ActiveCfg = Release|Any CPU
		{BF649260-FC64-4200-830F-21876610F88D}.Release|x64.Build.0 = Release|Any CPU
		{BF649260-FC64-4200-830F-21876610F88D}.Release|x86.ActiveCfg = Release|Any CPU
		{BF649260-FC64-4200-830F-21876610F88D}.Release|x86.Build.0 = Release|Any CPU
	EndGlobalSection
	GlobalSection(SolutionProperties) = preSolution
		HideSolutionNode = FALSE
	EndGlobalSection
	GlobalSection(NestedProjects) = preSolution
		{8D61107F-718E-4A42-95F3-26A7C4D0FE7F} = {827E0CD3-B72D-47B6-A68D-7590B98EB39B}
		{82A1707E-1FBD-4AE3-BC65-5C4E60CCE692} = {827E0CD3-B72D-47B6-A68D-7590B98EB39B}
		{0F812249-9CC7-4D63-A4AF-54692712B65D} = {827E0CD3-B72D-47B6-A68D-7590B98EB39B}
		{14DAB8A4-5E43-43EE-A4E9-2A2DA45E002F} = {827E0CD3-B72D-47B6-A68D-7590B98EB39B}
		{680C59E8-D1F4-4A55-92AA-60CC67D3626A} = {827E0CD3-B72D-47B6-A68D-7590B98EB39B}
		{BF649260-FC64-4200-830F-21876610F88D} = {827E0CD3-B72D-47B6-A68D-7590B98EB39B}
	EndGlobalSection
EndGlobal
