
Microsoft Visual Studio Solution File, Format Version 12.00
# Visual Studio Version 17
VisualStudioVersion = 17.14.37411.7
MinimumVisualStudioVersion = 10.0.40219.1
Project("{FAE04EC0-301F-11D3-BF4B-00C04F79EFBC}") = "NurMarketKassa", "NurMarketKassa.csproj", "{F0C2CF47-950C-D826-6306-B5F2F9CA227A}"
EndProject
Project("{FAE04EC0-301F-11D3-BF4B-00C04F79EFBC}") = "NurMarketKassa.Tests", "..\NurMarketKassa.Tests\NurMarketKassa.Tests.csproj", "{B3FE2075-EEE0-413E-AD6D-715B636F3FAE}"
EndProject
Project("{FAE04EC0-301F-11D3-BF4B-00C04F79EFBC}") = "NurMarketKassa.Avalonia", "..\NurMarketKassa.Avalonia\NurMarketKassa.Avalonia.csproj", "{24BEF07B-B58B-4506-8149-E7AE2E251D3D}"
EndProject
Global
	GlobalSection(SolutionConfigurationPlatforms) = preSolution
		Debug|Any CPU = Debug|Any CPU
		Debug|x64 = Debug|x64
		Debug|x86 = Debug|x86
		Release|Any CPU = Release|Any CPU
		Release|x64 = Release|x64
		Release|x86 = Release|x86
	EndGlobalSection
	GlobalSection(ProjectConfigurationPlatforms) = postSolution
		{F0C2CF47-950C-D826-6306-B5F2F9CA227A}.Debug|Any CPU.ActiveCfg = Debug|Any CPU
		{F0C2CF47-950C-D826-6306-B5F2F9CA227A}.Debug|Any CPU.Build.0 = Debug|Any CPU
		{F0C2CF47-950C-D826-6306-B5F2F9CA227A}.Debug|x64.ActiveCfg = Debug|Any CPU
		{F0C2CF47-950C-D826-6306-B5F2F9CA227A}.Debug|x64.Build.0 = Debug|Any CPU
		{F0C2CF47-950C-D826-6306-B5F2F9CA227A}.Debug|x86.ActiveCfg = Debug|Any CPU
		{F0C2CF47-950C-D826-6306-B5F2F9CA227A}.Debug|x86.Build.0 = Debug|Any CPU
		{F0C2CF47-950C-D826-6306-B5F2F9CA227A}.Release|Any CPU.ActiveCfg = Release|Any CPU
		{F0C2CF47-950C-D826-6306-B5F2F9CA227A}.Release|Any CPU.Build.0 = Release|Any CPU
		{F0C2CF47-950C-D826-6306-B5F2F9CA227A}.Release|x64.ActiveCfg = Release|Any CPU
		{F0C2CF47-950C-D826-6306-B5F2F9CA227A}.Release|x64.Build.0 = Release|Any CPU
		{F0C2CF47-950C-D826-6306-B5F2F9CA227A}.Release|x86.ActiveCfg = Release|Any CPU
		{F0C2CF47-950C-D826-6306-B5F2F9CA227A}.Release|x86.Build.0 = Release|Any CPU
		{B3FE2075-EEE0-413E-AD6D-715B636F3FAE}.Debug|Any CPU.ActiveCfg = Debug|Any CPU
		{B3FE2075-EEE0-413E-AD6D-715B636F3FAE}.Debug|Any CPU.Build.0 = Debug|Any CPU
		{B3FE2075-EEE0-413E-AD6D-715B636F3FAE}.Debug|x64.ActiveCfg = Debug|Any CPU
		{B3FE2075-EEE0-413E-AD6D-715B636F3FAE}.Debug|x64.Build.0 = Debug|Any CPU
		{B3FE2075-EEE0-413E-AD6D-715B636F3FAE}.Debug|x86.ActiveCfg = Debug|Any CPU
		{B3FE2075-EEE0-413E-AD6D-715B636F3FAE}.Debug|x86.Build.0 = Debug|Any CPU
		{B3FE2075-EEE0-413E-AD6D-715B636F3FAE}.Release|Any CPU.ActiveCfg = Release|Any CPU
		{B3FE2075-EEE0-413E-AD6D-715B636F3FAE}.Release|Any CPU.Build.0 = Release|Any CPU
		{B3FE2075-EEE0-413E-AD6D-715B636F3FAE}.Release|x64.ActiveCfg = Release|Any CPU
		{B3FE2075-EEE0-413E-AD6D-715B636F3FAE}.Release|x64.Build.0 = Release|Any CPU
		{B3FE2075-EEE0-413E-AD6D-715B636F3FAE}.Release|x86.ActiveCfg = Release|Any CPU
		{B3FE2075-EEE0-413E-AD6D-715B636F3FAE}.Release|x86.Build.0 = Release|Any CPU
		{24BEF07B-B58B-4506-8149-E7AE2E251D3D}.Debug|Any CPU.ActiveCfg = Debug|Any CPU
		{24BEF07B-B58B-4506-8149-E7AE2E251D3D}.Debug|Any CPU.Build.0 = Debug|Any CPU
		{24BEF07B-B58B-4506-8149-E7AE2E251D3D}.Debug|x64.ActiveCfg = Debug|Any CPU
		{24BEF07B-B58B-4506-8149-E7AE2E251D3D}.Debug|x64.Build.0 = Debug|Any CPU
		{24BEF07B-B58B-4506-8149-E7AE2E251D3D}.Debug|x86.ActiveCfg = Debug|Any CPU
		{24BEF07B-B58B-4506-8149-E7AE2E251D3D}.Debug|x86.Build.0 = Debug|Any CPU
		{24BEF07B-B58B-4506-8149-E7AE2E251D3D}.Release|Any CPU.ActiveCfg = Release|Any CPU
		{24BEF07B-B58B-4506-8149-E7AE2E251D3D}.Release|Any CPU.Build.0 = Release|Any CPU
		{24BEF07B-B58B-4506-8149-E7AE2E251D3D}.Release|x64.ActiveCfg = Release|Any CPU
		{24BEF07B-B58B-4506-8149-E7AE2E251D3D}.Release|x64.Build.0 = Release|Any CPU
		{24BEF07B-B58B-4506-8149-E7AE2E251D3D}.Release|x86.ActiveCfg = Release|Any CPU
		{24BEF07B-B58B-4506-8149-E7AE2E251D3D}.Release|x86.Build.0 = Release|Any CPU
	EndGlobalSection
	GlobalSection(SolutionProperties) = preSolution
		HideSolutionNode = FALSE
	EndGlobalSection
	GlobalSection(ExtensibilityGlobals) = postSolution
		SolutionGuid = {2661EC75-2977-468C-917F-3C50A631E589}
	EndGlobalSection
EndGlobal
